
Microsoft Visual Studio Solution File, Format Version 12.00
# Visual Studio 15
VisualStudioVersion = 15.0.26124.0
MinimumVisualStudioVersion = 15.0.26124.0
Project("{2150E333-8FDC-42A3-9474-1A3956D46DE8}") = "src", "src", "{E37128E4-D0BF-4EC1-9F94-A0DD998E11AD}"
EndProject
Project("{F2A71F9B-5D33-465A-A702-920D77279786}") = "Sergio", "src\Sergio\Sergio.fsproj", "{2DD9EFA4-5242-4F58-83F8-735A552FB30E}"
EndProject
Global
	GlobalSection(SolutionConfigurationPlatforms) = preSolution
		Debug|Any CPU = Debug|Any CPU
		Debug|x64 = Debug|x64
		Debug|x86 = Debug|x86
		Release|Any CPU = Release|Any CPU
		Release|x64 = Release|x64
		Release|x86 = Release|x86
	EndGlobalSection
	GlobalSection(SolutionProperties) = preSolution
		HideSolutionNode = FALSE
	EndGlobalSection
	GlobalSection(ProjectConfigurationPlatforms) = postSolution
		{2DD9EFA4-5242-4F58-83F8-735A552FB30E}.Debug|Any CPU.ActiveCfg = Debug|Any CPU
		{2DD9EFA4-5242-4F58-83F8-735A552FB30E}.Debug|Any CPU.Build.0 = Debug|Any CPU
		{2DD9EFA4-5242-4F58-83F8-735A552FB30E}.Debug|x64.ActiveCfg = Debug|Any CPU
		{2DD9EFA4-5242-4F58-83F8-735A552FB30E}.Debug|x64.Build.0 = Debug|Any CPU
		{2DD9EFA4-5242-4F58-83F8-735A552FB30E}.Debug|x86.ActiveCfg = Debug|Any CPU
		{2DD9EFA4-5242-4F58-83F8-735A552FB30E}.Debug|x86.Build.0 = Debug|Any CPU
		{2DD9EFA4-5242-4F58-83F8-735A552FB30E}.Release|Any CPU.ActiveCfg = Release|Any CPU
		{2DD9EFA4-5242-4F58-83F8-735A552FB30E}.Release|Any CPU.Build.0 = Release|Any CPU
		{2DD9EFA4-5242-4F58-83F8-735A552FB30E}.Release|x64.ActiveCfg = Release|Any CPU
		{2DD9EFA4-5242-4F58-83F8-735A552FB30E}.Release|x64.Build.0 = Release|Any CPU
		{2DD9EFA4-5242-4F58-83F8-735A552FB30E}.Release|x86.ActiveCfg = Release|Any CPU
		{2DD9EFA4-5242-4F58-83F8-735A552FB30E}.Release|x86.Build.0 = Release|Any CPU
	EndGlobalSection
	GlobalSection(NestedProjects) = preSolution
		{2DD9EFA4-5242-4F58-83F8-735A552FB30E} = {E37128E4-D0BF-4EC1-9F94-A0DD998E11AD}
	EndGlobalSection
EndGlobal
